
Microsoft Visual Studio Solution File, Format Version 12.00
# Visual Studio Version 17
VisualStudioVersion = 17.0.31903.59
MinimumVisualStudioVersion = 10.0.40219.1
Project("{9A19103F-16F7-4668-BE54-9A1E7A4F7556}") = "StudentsManagement.BusinessLogic", "src\StudentsManagement.BusinessLogic\StudentsManagement.BusinessLogic.csproj", "{5BB0DF0C-9501-4046-8DC9-233B041C5931}"
EndProject
Project("{9A19103F-16F7-4668-BE54-9A1E7A4F7556}") = "StudentsManagement.DesktopApp", "src\StudentsManagement.DesktopApp\StudentsManagement.DesktopApp.csproj", "{ED1238FF-DD49-4204-9316-DDE2879F1497}"
EndProject
Project("{00D1A9C2-B5F0-4AF3-8072-F6C62B433612}") = "StudentsManagement.Database", "src\StudentsManagement.Database\StudentsManagement.Database.sqlproj", "{33CD6897-D040-4B4C-B9C1-50516F40EFE2}"
EndProject
Project("{FAE04EC0-301F-11D3-BF4B-00C04F79EFBC}") = "StudentsManagement.DatabaseDataApp", "src\StudentsManagement.DatabaseDataApp\StudentsManagement.DatabaseDataApp.csproj", "{A1433498-C1FA-4425-802D-4CC79CCE6C08}"
EndProject
Project("{9A19103F-16F7-4668-BE54-9A1E7A4F7556}") = "StudentsManagement.DataAccess", "src\StudentsManagement.DataAccess\StudentsManagement.DataAccess.csproj", "{B6BBF096-573A-47FE-B1DC-DA383A8B96FD}"
EndProject
Project("{2150E333-8FDC-42A3-9474-1A3956D46DE8}") = "Database", "Database", "{C0249F15-ADF3-4C8A-9A12-2FDFDC4E08E3}"
EndProject
Global
	GlobalSection(SolutionConfigurationPlatforms) = preSolution
		Debug|Any CPU = Debug|Any CPU
		Release|Any CPU = Release|Any CPU
	EndGlobalSection
	GlobalSection(ProjectConfigurationPlatforms) = postSolution
		{5BB0DF0C-9501-4046-8DC9-233B041C5931}.Debug|Any CPU.ActiveCfg = Debug|Any CPU
		{5BB0DF0C-9501-4046-8DC9-233B041C5931}.Debug|Any CPU.Build.0 = Debug|Any CPU
		{5BB0DF0C-9501-4046-8DC9-233B041C5931}.Release|Any CPU.ActiveCfg = Release|Any CPU
		{5BB0DF0C-9501-4046-8DC9-233B041C5931}.Release|Any CPU.Build.0 = Release|Any CPU
		{ED1238FF-DD49-4204-9316-DDE2879F1497}.Debug|Any CPU.ActiveCfg = Debug|Any CPU
		{ED1238FF-DD49-4204-9316-DDE2879F1497}.Debug|Any CPU.Build.0 = Debug|Any CPU
		{ED1238FF-DD49-4204-9316-DDE2879F1497}.Release|Any CPU.ActiveCfg = Release|Any CPU
		{ED1238FF-DD49-4204-9316-DDE2879F1497}.Release|Any CPU.Build.0 = Release|Any CPU
		{33CD6897-D040-4B4C-B9C1-50516F40EFE2}.Debug|Any CPU.ActiveCfg = Debug|Any CPU
		{33CD6897-D040-4B4C-B9C1-50516F40EFE2}.Debug|Any CPU.Build.0 = Debug|Any CPU
		{33CD6897-D040-4B4C-B9C1-50516F40EFE2}.Debug|Any CPU.Deploy.0 = Debug|Any CPU
		{33CD6897-D040-4B4C-B9C1-50516F40EFE2}.Release|Any CPU.ActiveCfg = Release|Any CPU
		{33CD6897-D040-4B4C-B9C1-50516F40EFE2}.Release|Any CPU.Build.0 = Release|Any CPU
		{33CD6897-D040-4B4C-B9C1-50516F40EFE2}.Release|Any CPU.Deploy.0 = Release|Any CPU
		{A1433498-C1FA-4425-802D-4CC79CCE6C08}.Debug|Any CPU.ActiveCfg = Debug|Any CPU
		{A1433498-C1FA-4425-802D-4CC79CCE6C08}.Debug|Any CPU.Build.0 = Debug|Any CPU
		{A1433498-C1FA-4425-802D-4CC79CCE6C08}.Release|Any CPU.ActiveCfg = Release|Any CPU
		{A1433498-C1FA-4425-802D-4CC79CCE6C08}.Release|Any CPU.Build.0 = Release|Any CPU
		{B6BBF096-573A-47FE-B1DC-DA383A8B96FD}.Debug|Any CPU.ActiveCfg = Debug|Any CPU
		{B6BBF096-573A-47FE-B1DC-DA383A8B96FD}.Debug|Any CPU.Build.0 = Debug|Any CPU
		{B6BBF096-573A-47FE-B1DC-DA383A8B96FD}.Release|Any CPU.ActiveCfg = Release|Any CPU
		{B6BBF096-573A-47FE-B1DC-DA383A8B96FD}.Release|Any CPU.Build.0 = Release|Any CPU
	EndGlobalSection
	GlobalSection(SolutionProperties) = preSolution
		HideSolutionNode = FALSE
	EndGlobalSection
	GlobalSection(NestedProjects) = preSolution
		{33CD6897-D040-4B4C-B9C1-50516F40EFE2} = {C0249F15-ADF3-4C8A-9A12-2FDFDC4E08E3}
		{A1433498-C1FA-4425-802D-4CC79CCE6C08} = {C0249F15-ADF3-4C8A-9A12-2FDFDC4E08E3}
	EndGlobalSection
	GlobalSection(ExtensibilityGlobals) = postSolution
		SolutionGuid = {54D853AB-40D1-4A5E-9821-E5A438FBE813}
	EndGlobalSection
EndGlobal
